
Microsoft Visual Studio Solution File, Format Version 11.00
# Visual Studio 2010
Project("{FAE04EC0-301F-11D3-BF4B-00C04F79EFBC}") = "FreeQuant.NxCoreLib", "FreeQuant.NxCoreLib.csproj", "{B7FA590B-13FB-4403-A405-4BA64D45029C}"
EndProject
Global
	GlobalSection(SolutionConfigurationPlatforms) = preSolution
		Debug|Any CPU = Debug|Any CPU
		Release|Any CPU = Release|Any CPU
	EndGlobalSection
	GlobalSection(ProjectConfigurationPlatforms) = postSolution
		{B7FA590B-13FB-4403-A405-4BA64D45029C}.Debug|Any CPU.ActiveCfg = Debug|Any CPU
		{B7FA590B-13FB-4403-A405-4BA64D45029C}.Debug|Any CPU.Build.0 = Debug|Any CPU
		{B7FA590B-13FB-4403-A405-4BA64D45029C}.Release|Any CPU.ActiveCfg = Release|Any CPU
		{B7FA590B-13FB-4403-A405-4BA64D45029C}.Release|Any CPU.Build.0 = Release|Any CPU
	EndGlobalSection
	GlobalSection(SolutionProperties) = preSolution
		HideSolutionNode = FALSE
	EndGlobalSection
EndGlobal
