
Microsoft Visual Studio Solution File, Format Version 11.00
# Visual Studio 2010
Project("{FAE04EC0-301F-11D3-BF4B-00C04F79EFBC}") = "OpenQuant.API", "openquant\OpenQuant.API\OpenQuant.API.csproj", "{40E0C499-01D7-4D12-97C6-EBA1F605F756}"
EndProject
Project("{FAE04EC0-301F-11D3-BF4B-00C04F79EFBC}") = "OpenQuant.Finam", "openquant\OpenQuant.Finam\OpenQuant.Finam.csproj", "{5C4F7119-E153-4DB3-B5D7-531AF66335CF}"
EndProject
Project("{FAE04EC0-301F-11D3-BF4B-00C04F79EFBC}") = "OpenQuant.Trading", "openquant\OpenQuant.Trading\OpenQuant.Trading.csproj", "{9F59047F-AED7-4550-B0D3-01768149FACF}"
EndProject
Project("{FAE04EC0-301F-11D3-BF4B-00C04F79EFBC}") = "FreeQuant.FIX", "freequant\FreeQuant.FIX\FreeQuant.FIX.csproj", "{B0CC6138-44F7-4092-9A0A-D3E550107644}"
EndProject
Project("{FAE04EC0-301F-11D3-BF4B-00C04F79EFBC}") = "FreeQuant.Providers", "freequant\FreeQuant.Providers\FreeQuant.Providers.csproj", "{B01B5155-C05D-49EF-82DC-FC01CE1F49E3}"
EndProject
Project("{FAE04EC0-301F-11D3-BF4B-00C04F79EFBC}") = "FreeQuant.Series", "freequant\FreeQuant.Series\FreeQuant.Series.csproj", "{01766337-46DD-4449-BED0-3B07C37519ED}"
EndProject
Project("{FAE04EC0-301F-11D3-BF4B-00C04F79EFBC}") = "OpenQuant.ObjectMap", "openquant\OpenQuant.ObjectMap\OpenQuant.ObjectMap.csproj", "{6D451F39-360E-4689-9E6C-2E0BE7574820}"
EndProject
Project("{FAE04EC0-301F-11D3-BF4B-00C04F79EFBC}") = "FreeQuant.Instruments", "freequant\FreeQuant.Instruments\FreeQuant.Instruments.csproj", "{2768F1D0-79E8-4E6D-AB34-19F598176D98}"
EndProject
Project("{FAE04EC0-301F-11D3-BF4B-00C04F79EFBC}") = "FreeQuant.Data", "freequant\FreeQuant.Data\FreeQuant.Data.csproj", "{ADBC5DAD-5E84-4B45-BF7D-418391260276}"
EndProject
Project("{FAE04EC0-301F-11D3-BF4B-00C04F79EFBC}") = "FreeQuant.Execution", "freequant\FreeQuant.Execution\FreeQuant.Execution.csproj", "{5612B6E7-B464-42B6-A1A5-3A3E1C84D142}"
EndProject
Project("{FAE04EC0-301F-11D3-BF4B-00C04F79EFBC}") = "FreeQuant.Optimization", "freequant\FreeQuant.Optimization\FreeQuant.Optimization.csproj", "{4740F91B-634F-4934-AC4A-2C4A17759D7F}"
EndProject
Project("{FAE04EC0-301F-11D3-BF4B-00C04F79EFBC}") = "FreeQuant.Testing", "freequant\FreeQuant.Testing\FreeQuant.Testing.csproj", "{13B7496A-0CBA-43A2-A4D0-506DAEE9205B}"
EndProject
Project("{FAE04EC0-301F-11D3-BF4B-00C04F79EFBC}") = "FreeQuant.Trading", "freequant\FreeQuant.Trading\FreeQuant.Trading.csproj", "{89EA8C8E-0CC0-4E94-8401-5EAAA57792C5}"
EndProject
Project("{FAE04EC0-301F-11D3-BF4B-00C04F79EFBC}") = "FreeQuant.Simulation", "freequant\FreeQuant.Simulation\FreeQuant.Simulation.csproj", "{B59E197F-3529-4D45-BA90-2A7AE0962B5B}"
EndProject
Project("{FAE04EC0-301F-11D3-BF4B-00C04F79EFBC}") = "FreeQuant.Google", "freequant\FreeQuant.Google\FreeQuant.Google.csproj", "{C030F710-A0F5-4F95-9103-881CE82D8B10}"
EndProject
Project("{FAE04EC0-301F-11D3-BF4B-00C04F79EFBC}") = "FreeQuant.Yahoo", "freequant\FreeQuant.Yahoo\FreeQuant.Yahoo.csproj", "{FC5FB8FE-7F5F-463B-AE43-8FDE00522977}"
EndProject
Project("{FAE04EC0-301F-11D3-BF4B-00C04F79EFBC}") = "FreeQuant.QUIK", "freequant\FreeQuant.QUIK\FreeQuant.QUIK.csproj", "{450D4D9A-5808-4FFC-A10C-4F0E6935A646}"
EndProject
Project("{FAE04EC0-301F-11D3-BF4B-00C04F79EFBC}") = "FreeQuant", "freequant\FreeQuant\FreeQuant.csproj", "{8088EAB3-8D1A-431B-AB6C-456ED9B9A9D0}"
EndProject
Project("{FAE04EC0-301F-11D3-BF4B-00C04F79EFBC}") = "FreeQuant.Business", "freequant\FreeQuant.Business\FreeQuant.Business.csproj", "{B20CD445-C1EF-4393-9CF7-F8A6F8B90B91}"
EndProject
Project("{FAE04EC0-301F-11D3-BF4B-00C04F79EFBC}") = "FreeQuant.Charting", "freequant\FreeQuant.Charting\FreeQuant.Charting.csproj", "{D71862B4-8E16-4C62-9926-9AA7425BE972}"
EndProject
Project("{FAE04EC0-301F-11D3-BF4B-00C04F79EFBC}") = "FreeQuant.FIXApplication", "freequant\FreeQuant.FIXApplication\FreeQuant.FIXApplication.csproj", "{3D4F9F19-9481-41E6-9FBB-1560E5CFC345}"
EndProject
Project("{FAE04EC0-301F-11D3-BF4B-00C04F79EFBC}") = "FreeQuant.FIXData", "freequant\Freequant.FIXData\FreeQuant.FIXData.csproj", "{E60BC15E-85C1-438A-81CB-110898785B92}"
EndProject
Project("{FAE04EC0-301F-11D3-BF4B-00C04F79EFBC}") = "FreeQuant.Pricers", "freequant\FreeQuant.Pricers\FreeQuant.Pricers.csproj", "{EB81602B-BC80-4957-8ED8-D3C5314F1FF4}"
EndProject
Project("{FAE04EC0-301F-11D3-BF4B-00C04F79EFBC}") = "FreeQuant.Services", "freequant\FreeQuant.Services\FreeQuant.Services.csproj", "{E9E495CF-9DFB-4E57-9D99-A80D06915A87}"
EndProject
Project("{FAE04EC0-301F-11D3-BF4B-00C04F79EFBC}") = "FreeQuant.Xml", "freequant\FreeQuant.Xml\FreeQuant.Xml.csproj", "{7225682B-5328-446F-8798-4E76B843D87E}"
EndProject
Project("{FAE04EC0-301F-11D3-BF4B-00C04F79EFBC}") = "FreeQuant.Shared", "freequant\FreeQuant.Shared\FreeQuant.Shared.csproj", "{08DDD431-19BF-4CAA-BB9C-FE85C60E5231}"
EndProject
Project("{FAE04EC0-301F-11D3-BF4B-00C04F79EFBC}") = "FreeQuant.File", "freequant\FreeQuant.File\FreeQuant.File.csproj", "{5A995BBE-5233-4509-8BF9-E9A2C67CD629}"
EndProject
Project("{FAE04EC0-301F-11D3-BF4B-00C04F79EFBC}") = "FreeQuant.FinChart", "freequant\FreeQuant.FinChart\FreeQuant.FinChart.csproj", "{DF620AB6-4B8F-49EF-927B-D758E70B8952}"
EndProject
Project("{FAE04EC0-301F-11D3-BF4B-00C04F79EFBC}") = "FreeQuant.Neural", "freequant\FreeQuant.Neural\FreeQuant.Neural.csproj", "{09E01D16-88B6-4CC7-90D1-745B10130899}"
EndProject
Project("{FAE04EC0-301F-11D3-BF4B-00C04F79EFBC}") = "FreeQuant.QuantBaseLib", "freequant\FreeQuant.QuantBaseLib\FreeQuant.QuantBaseLib.csproj", "{7ADA576D-852C-410D-B1B0-7FAD9D9B7B54}"
EndProject
Project("{FAE04EC0-301F-11D3-BF4B-00C04F79EFBC}") = "FreeQuant.QuantRouterLib", "freequant\FreeQuant.QuantRouterLib\FreeQuant.QuantRouterLib.csproj", "{599DEF44-71D4-44F0-BBAB-F9264EF681F8}"
EndProject
Project("{FAE04EC0-301F-11D3-BF4B-00C04F79EFBC}") = "FreeQuant.Quant", "freequant\FreeQuant.Quant\FreeQuant.Quant.csproj", "{9CC9613E-926F-4E54-B54B-FFE62B7CB25A}"
EndProject
Global
	GlobalSection(SolutionConfigurationPlatforms) = preSolution
		Debug|Any CPU = Debug|Any CPU
		Release|Any CPU = Release|Any CPU
	EndGlobalSection
	GlobalSection(ProjectConfigurationPlatforms) = postSolution
		{01766337-46DD-4449-BED0-3B07C37519ED}.Debug|Any CPU.ActiveCfg = Debug|Any CPU
		{01766337-46DD-4449-BED0-3B07C37519ED}.Debug|Any CPU.Build.0 = Debug|Any CPU
		{01766337-46DD-4449-BED0-3B07C37519ED}.Release|Any CPU.ActiveCfg = Release|Any CPU
		{01766337-46DD-4449-BED0-3B07C37519ED}.Release|Any CPU.Build.0 = Release|Any CPU
		{08DDD431-19BF-4CAA-BB9C-FE85C60E5231}.Debug|Any CPU.ActiveCfg = Debug|Any CPU
		{08DDD431-19BF-4CAA-BB9C-FE85C60E5231}.Debug|Any CPU.Build.0 = Debug|Any CPU
		{08DDD431-19BF-4CAA-BB9C-FE85C60E5231}.Release|Any CPU.ActiveCfg = Release|Any CPU
		{08DDD431-19BF-4CAA-BB9C-FE85C60E5231}.Release|Any CPU.Build.0 = Release|Any CPU
		{09E01D16-88B6-4CC7-90D1-745B10130899}.Debug|Any CPU.ActiveCfg = Debug|Any CPU
		{09E01D16-88B6-4CC7-90D1-745B10130899}.Debug|Any CPU.Build.0 = Debug|Any CPU
		{09E01D16-88B6-4CC7-90D1-745B10130899}.Release|Any CPU.ActiveCfg = Release|Any CPU
		{09E01D16-88B6-4CC7-90D1-745B10130899}.Release|Any CPU.Build.0 = Release|Any CPU
		{13B7496A-0CBA-43A2-A4D0-506DAEE9205B}.Debug|Any CPU.ActiveCfg = Debug|Any CPU
		{13B7496A-0CBA-43A2-A4D0-506DAEE9205B}.Debug|Any CPU.Build.0 = Debug|Any CPU
		{13B7496A-0CBA-43A2-A4D0-506DAEE9205B}.Release|Any CPU.ActiveCfg = Release|Any CPU
		{13B7496A-0CBA-43A2-A4D0-506DAEE9205B}.Release|Any CPU.Build.0 = Release|Any CPU
		{2768F1D0-79E8-4E6D-AB34-19F598176D98}.Debug|Any CPU.ActiveCfg = Debug|Any CPU
		{2768F1D0-79E8-4E6D-AB34-19F598176D98}.Debug|Any CPU.Build.0 = Debug|Any CPU
		{2768F1D0-79E8-4E6D-AB34-19F598176D98}.Release|Any CPU.ActiveCfg = Release|Any CPU
		{2768F1D0-79E8-4E6D-AB34-19F598176D98}.Release|Any CPU.Build.0 = Release|Any CPU
		{3D4F9F19-9481-41E6-9FBB-1560E5CFC345}.Debug|Any CPU.ActiveCfg = Debug|Any CPU
		{3D4F9F19-9481-41E6-9FBB-1560E5CFC345}.Debug|Any CPU.Build.0 = Debug|Any CPU
		{3D4F9F19-9481-41E6-9FBB-1560E5CFC345}.Release|Any CPU.ActiveCfg = Release|Any CPU
		{3D4F9F19-9481-41E6-9FBB-1560E5CFC345}.Release|Any CPU.Build.0 = Release|Any CPU
		{40E0C499-01D7-4D12-97C6-EBA1F605F756}.Debug|Any CPU.ActiveCfg = Debug|Any CPU
		{40E0C499-01D7-4D12-97C6-EBA1F605F756}.Debug|Any CPU.Build.0 = Debug|Any CPU
		{40E0C499-01D7-4D12-97C6-EBA1F605F756}.Release|Any CPU.ActiveCfg = Release|Any CPU
		{40E0C499-01D7-4D12-97C6-EBA1F605F756}.Release|Any CPU.Build.0 = Release|Any CPU
		{450D4D9A-5808-4FFC-A10C-4F0E6935A646}.Debug|Any CPU.ActiveCfg = Debug|Any CPU
		{450D4D9A-5808-4FFC-A10C-4F0E6935A646}.Debug|Any CPU.Build.0 = Debug|Any CPU
		{450D4D9A-5808-4FFC-A10C-4F0E6935A646}.Release|Any CPU.ActiveCfg = Release|Any CPU
		{450D4D9A-5808-4FFC-A10C-4F0E6935A646}.Release|Any CPU.Build.0 = Release|Any CPU
		{4740F91B-634F-4934-AC4A-2C4A17759D7F}.Debug|Any CPU.ActiveCfg = Debug|Any CPU
		{4740F91B-634F-4934-AC4A-2C4A17759D7F}.Debug|Any CPU.Build.0 = Debug|Any CPU
		{4740F91B-634F-4934-AC4A-2C4A17759D7F}.Release|Any CPU.ActiveCfg = Release|Any CPU
		{4740F91B-634F-4934-AC4A-2C4A17759D7F}.Release|Any CPU.Build.0 = Release|Any CPU
		{5612B6E7-B464-42B6-A1A5-3A3E1C84D142}.Debug|Any CPU.ActiveCfg = Debug|Any CPU
		{5612B6E7-B464-42B6-A1A5-3A3E1C84D142}.Debug|Any CPU.Build.0 = Debug|Any CPU
		{5612B6E7-B464-42B6-A1A5-3A3E1C84D142}.Release|Any CPU.ActiveCfg = Release|Any CPU
		{5612B6E7-B464-42B6-A1A5-3A3E1C84D142}.Release|Any CPU.Build.0 = Release|Any CPU
		{599DEF44-71D4-44F0-BBAB-F9264EF681F8}.Debug|Any CPU.ActiveCfg = Debug|Any CPU
		{599DEF44-71D4-44F0-BBAB-F9264EF681F8}.Debug|Any CPU.Build.0 = Debug|Any CPU
		{599DEF44-71D4-44F0-BBAB-F9264EF681F8}.Release|Any CPU.ActiveCfg = Release|Any CPU
		{599DEF44-71D4-44F0-BBAB-F9264EF681F8}.Release|Any CPU.Build.0 = Release|Any CPU
		{5A995BBE-5233-4509-8BF9-E9A2C67CD629}.Debug|Any CPU.ActiveCfg = Debug|Any CPU
		{5A995BBE-5233-4509-8BF9-E9A2C67CD629}.Debug|Any CPU.Build.0 = Debug|Any CPU
		{5A995BBE-5233-4509-8BF9-E9A2C67CD629}.Release|Any CPU.ActiveCfg = Release|Any CPU
		{5A995BBE-5233-4509-8BF9-E9A2C67CD629}.Release|Any CPU.Build.0 = Release|Any CPU
		{5C4F7119-E153-4DB3-B5D7-531AF66335CF}.Debug|Any CPU.ActiveCfg = Debug|Any CPU
		{5C4F7119-E153-4DB3-B5D7-531AF66335CF}.Debug|Any CPU.Build.0 = Debug|Any CPU
		{5C4F7119-E153-4DB3-B5D7-531AF66335CF}.Release|Any CPU.ActiveCfg = Release|Any CPU
		{5C4F7119-E153-4DB3-B5D7-531AF66335CF}.Release|Any CPU.Build.0 = Release|Any CPU
		{6D451F39-360E-4689-9E6C-2E0BE7574820}.Debug|Any CPU.ActiveCfg = Debug|Any CPU
		{6D451F39-360E-4689-9E6C-2E0BE7574820}.Debug|Any CPU.Build.0 = Debug|Any CPU
		{6D451F39-360E-4689-9E6C-2E0BE7574820}.Release|Any CPU.ActiveCfg = Release|Any CPU
		{6D451F39-360E-4689-9E6C-2E0BE7574820}.Release|Any CPU.Build.0 = Release|Any CPU
		{7225682B-5328-446F-8798-4E76B843D87E}.Debug|Any CPU.ActiveCfg = Debug|Any CPU
		{7225682B-5328-446F-8798-4E76B843D87E}.Debug|Any CPU.Build.0 = Debug|Any CPU
		{7225682B-5328-446F-8798-4E76B843D87E}.Release|Any CPU.ActiveCfg = Release|Any CPU
		{7225682B-5328-446F-8798-4E76B843D87E}.Release|Any CPU.Build.0 = Release|Any CPU
		{7ADA576D-852C-410D-B1B0-7FAD9D9B7B54}.Debug|Any CPU.ActiveCfg = Debug|Any CPU
		{7ADA576D-852C-410D-B1B0-7FAD9D9B7B54}.Debug|Any CPU.Build.0 = Debug|Any CPU
		{7ADA576D-852C-410D-B1B0-7FAD9D9B7B54}.Release|Any CPU.ActiveCfg = Release|Any CPU
		{7ADA576D-852C-410D-B1B0-7FAD9D9B7B54}.Release|Any CPU.Build.0 = Release|Any CPU
		{8088EAB3-8D1A-431B-AB6C-456ED9B9A9D0}.Debug|Any CPU.ActiveCfg = Debug|Any CPU
		{8088EAB3-8D1A-431B-AB6C-456ED9B9A9D0}.Debug|Any CPU.Build.0 = Debug|Any CPU
		{8088EAB3-8D1A-431B-AB6C-456ED9B9A9D0}.Release|Any CPU.ActiveCfg = Release|Any CPU
		{8088EAB3-8D1A-431B-AB6C-456ED9B9A9D0}.Release|Any CPU.Build.0 = Release|Any CPU
		{89EA8C8E-0CC0-4E94-8401-5EAAA57792C5}.Debug|Any CPU.ActiveCfg = Debug|Any CPU
		{89EA8C8E-0CC0-4E94-8401-5EAAA57792C5}.Debug|Any CPU.Build.0 = Debug|Any CPU
		{89EA8C8E-0CC0-4E94-8401-5EAAA57792C5}.Release|Any CPU.ActiveCfg = Release|Any CPU
		{89EA8C8E-0CC0-4E94-8401-5EAAA57792C5}.Release|Any CPU.Build.0 = Release|Any CPU
		{9CC9613E-926F-4E54-B54B-FFE62B7CB25A}.Debug|Any CPU.ActiveCfg = Debug|Any CPU
		{9CC9613E-926F-4E54-B54B-FFE62B7CB25A}.Debug|Any CPU.Build.0 = Debug|Any CPU
		{9CC9613E-926F-4E54-B54B-FFE62B7CB25A}.Release|Any CPU.ActiveCfg = Release|Any CPU
		{9CC9613E-926F-4E54-B54B-FFE62B7CB25A}.Release|Any CPU.Build.0 = Release|Any CPU
		{9F59047F-AED7-4550-B0D3-01768149FACF}.Debug|Any CPU.ActiveCfg = Debug|Any CPU
		{9F59047F-AED7-4550-B0D3-01768149FACF}.Debug|Any CPU.Build.0 = Debug|Any CPU
		{9F59047F-AED7-4550-B0D3-01768149FACF}.Release|Any CPU.ActiveCfg = Release|Any CPU
		{9F59047F-AED7-4550-B0D3-01768149FACF}.Release|Any CPU.Build.0 = Release|Any CPU
		{ADBC5DAD-5E84-4B45-BF7D-418391260276}.Debug|Any CPU.ActiveCfg = Debug|Any CPU
		{ADBC5DAD-5E84-4B45-BF7D-418391260276}.Debug|Any CPU.Build.0 = Debug|Any CPU
		{ADBC5DAD-5E84-4B45-BF7D-418391260276}.Release|Any CPU.ActiveCfg = Release|Any CPU
		{ADBC5DAD-5E84-4B45-BF7D-418391260276}.Release|Any CPU.Build.0 = Release|Any CPU
		{B01B5155-C05D-49EF-82DC-FC01CE1F49E3}.Debug|Any CPU.ActiveCfg = Debug|Any CPU
		{B01B5155-C05D-49EF-82DC-FC01CE1F49E3}.Debug|Any CPU.Build.0 = Debug|Any CPU
		{B01B5155-C05D-49EF-82DC-FC01CE1F49E3}.Release|Any CPU.ActiveCfg = Release|Any CPU
		{B01B5155-C05D-49EF-82DC-FC01CE1F49E3}.Release|Any CPU.Build.0 = Release|Any CPU
		{B0CC6138-44F7-4092-9A0A-D3E550107644}.Debug|Any CPU.ActiveCfg = Debug|Any CPU
		{B0CC6138-44F7-4092-9A0A-D3E550107644}.Debug|Any CPU.Build.0 = Debug|Any CPU
		{B0CC6138-44F7-4092-9A0A-D3E550107644}.Release|Any CPU.ActiveCfg = Release|Any CPU
		{B0CC6138-44F7-4092-9A0A-D3E550107644}.Release|Any CPU.Build.0 = Release|Any CPU
		{B20CD445-C1EF-4393-9CF7-F8A6F8B90B91}.Debug|Any CPU.ActiveCfg = Debug|Any CPU
		{B20CD445-C1EF-4393-9CF7-F8A6F8B90B91}.Debug|Any CPU.Build.0 = Debug|Any CPU
		{B20CD445-C1EF-4393-9CF7-F8A6F8B90B91}.Release|Any CPU.ActiveCfg = Release|Any CPU
		{B20CD445-C1EF-4393-9CF7-F8A6F8B90B91}.Release|Any CPU.Build.0 = Release|Any CPU
		{B59E197F-3529-4D45-BA90-2A7AE0962B5B}.Debug|Any CPU.ActiveCfg = Debug|Any CPU
		{B59E197F-3529-4D45-BA90-2A7AE0962B5B}.Debug|Any CPU.Build.0 = Debug|Any CPU
		{B59E197F-3529-4D45-BA90-2A7AE0962B5B}.Release|Any CPU.ActiveCfg = Release|Any CPU
		{B59E197F-3529-4D45-BA90-2A7AE0962B5B}.Release|Any CPU.Build.0 = Release|Any CPU
		{C030F710-A0F5-4F95-9103-881CE82D8B10}.Debug|Any CPU.ActiveCfg = Debug|Any CPU
		{C030F710-A0F5-4F95-9103-881CE82D8B10}.Debug|Any CPU.Build.0 = Debug|Any CPU
		{C030F710-A0F5-4F95-9103-881CE82D8B10}.Release|Any CPU.ActiveCfg = Release|Any CPU
		{C030F710-A0F5-4F95-9103-881CE82D8B10}.Release|Any CPU.Build.0 = Release|Any CPU
		{D71862B4-8E16-4C62-9926-9AA7425BE972}.Debug|Any CPU.ActiveCfg = Debug|Any CPU
		{D71862B4-8E16-4C62-9926-9AA7425BE972}.Debug|Any CPU.Build.0 = Debug|Any CPU
		{D71862B4-8E16-4C62-9926-9AA7425BE972}.Release|Any CPU.ActiveCfg = Release|Any CPU
		{D71862B4-8E16-4C62-9926-9AA7425BE972}.Release|Any CPU.Build.0 = Release|Any CPU
		{DF620AB6-4B8F-49EF-927B-D758E70B8952}.Debug|Any CPU.ActiveCfg = Debug|Any CPU
		{DF620AB6-4B8F-49EF-927B-D758E70B8952}.Debug|Any CPU.Build.0 = Debug|Any CPU
		{DF620AB6-4B8F-49EF-927B-D758E70B8952}.Release|Any CPU.ActiveCfg = Release|Any CPU
		{DF620AB6-4B8F-49EF-927B-D758E70B8952}.Release|Any CPU.Build.0 = Release|Any CPU
		{E60BC15E-85C1-438A-81CB-110898785B92}.Debug|Any CPU.ActiveCfg = Debug|Any CPU
		{E60BC15E-85C1-438A-81CB-110898785B92}.Debug|Any CPU.Build.0 = Debug|Any CPU
		{E60BC15E-85C1-438A-81CB-110898785B92}.Release|Any CPU.ActiveCfg = Release|Any CPU
		{E60BC15E-85C1-438A-81CB-110898785B92}.Release|Any CPU.Build.0 = Release|Any CPU
		{E9E495CF-9DFB-4E57-9D99-A80D06915A87}.Debug|Any CPU.ActiveCfg = Debug|Any CPU
		{E9E495CF-9DFB-4E57-9D99-A80D06915A87}.Debug|Any CPU.Build.0 = Debug|Any CPU
		{E9E495CF-9DFB-4E57-9D99-A80D06915A87}.Release|Any CPU.ActiveCfg = Release|Any CPU
		{E9E495CF-9DFB-4E57-9D99-A80D06915A87}.Release|Any CPU.Build.0 = Release|Any CPU
		{EB81602B-BC80-4957-8ED8-D3C5314F1FF4}.Debug|Any CPU.ActiveCfg = Debug|Any CPU
		{EB81602B-BC80-4957-8ED8-D3C5314F1FF4}.Debug|Any CPU.Build.0 = Debug|Any CPU
		{EB81602B-BC80-4957-8ED8-D3C5314F1FF4}.Release|Any CPU.ActiveCfg = Release|Any CPU
		{EB81602B-BC80-4957-8ED8-D3C5314F1FF4}.Release|Any CPU.Build.0 = Release|Any CPU
		{FC5FB8FE-7F5F-463B-AE43-8FDE00522977}.Debug|Any CPU.ActiveCfg = Debug|Any CPU
		{FC5FB8FE-7F5F-463B-AE43-8FDE00522977}.Debug|Any CPU.Build.0 = Debug|Any CPU
		{FC5FB8FE-7F5F-463B-AE43-8FDE00522977}.Release|Any CPU.ActiveCfg = Release|Any CPU
		{FC5FB8FE-7F5F-463B-AE43-8FDE00522977}.Release|Any CPU.Build.0 = Release|Any CPU
	EndGlobalSection
	GlobalSection(MonoDevelopProperties) = preSolution
		StartupItem = openquant\OpenQuant.API\OpenQuant.API.csproj
	EndGlobalSection
EndGlobal
